
Microsoft Visual Studio Solution File, Format Version 12.00
# Visual Studio 14
VisualStudioVersion = 14.0.25123.0
MinimumVisualStudioVersion = 10.0.40219.1
Project("{FAE04EC0-301F-11D3-BF4B-00C04F79EFBC}") = "iottalk", "iottalk\iottalk.csproj", "{70D91434-E877-492B-BE4A-855FEA74179D}"
EndProject
Project("{FAE04EC0-301F-11D3-BF4B-00C04F79EFBC}") = "IoTTalk.CreateDevice", "IoTTalk.CreateDevice\IoTTalk.CreateDevice.csproj", "{1E5CC0C6-F2E1-47CA-A604-0807BAE0252F}"
EndProject
Project("{FAE04EC0-301F-11D3-BF4B-00C04F79EFBC}") = "IoTTalk.DeviceToCloud", "IoTTalk.DeviceToCloud\IoTTalk.DeviceToCloud.csproj", "{9A398241-151F-4BBA-A62F-C9C357E1A6FB}"
EndProject
Project("{FAE04EC0-301F-11D3-BF4B-00C04F79EFBC}") = "IotTalk.SimulatedDevice", "IotTalk.SimulatedDevice\IotTalk.SimulatedDevice.csproj", "{8550A8AB-C2CB-46DB-BDC0-D8EBC51DBA17}"
EndProject
Project("{FAE04EC0-301F-11D3-BF4B-00C04F79EFBC}") = "IoTTalk.Uwp", "IoTTalk.Uwp\IoTTalk.Uwp.csproj", "{2E103940-A61F-4610-B56A-B1B67912A3A1}"
EndProject
Project("{FAE04EC0-301F-11D3-BF4B-00C04F79EFBC}") = "IotTalk.Common", "IotTalk.Common\IotTalk.Common.csproj", "{DB3872E7-1A0A-4309-BA66-38892E11E9F6}"
EndProject
Global
	GlobalSection(SolutionConfigurationPlatforms) = preSolution
		Debug|Any CPU = Debug|Any CPU
		Debug|ARM = Debug|ARM
		Debug|x64 = Debug|x64
		Debug|x86 = Debug|x86
		Release|Any CPU = Release|Any CPU
		Release|ARM = Release|ARM
		Release|x64 = Release|x64
		Release|x86 = Release|x86
	EndGlobalSection
	GlobalSection(ProjectConfigurationPlatforms) = postSolution
		{70D91434-E877-492B-BE4A-855FEA74179D}.Debug|Any CPU.ActiveCfg = Debug|Any CPU
		{70D91434-E877-492B-BE4A-855FEA74179D}.Debug|Any CPU.Build.0 = Debug|Any CPU
		{70D91434-E877-492B-BE4A-855FEA74179D}.Debug|ARM.ActiveCfg = Debug|Any CPU
		{70D91434-E877-492B-BE4A-855FEA74179D}.Debug|ARM.Build.0 = Debug|Any CPU
		{70D91434-E877-492B-BE4A-855FEA74179D}.Debug|x64.ActiveCfg = Debug|Any CPU
		{70D91434-E877-492B-BE4A-855FEA74179D}.Debug|x64.Build.0 = Debug|Any CPU
		{70D91434-E877-492B-BE4A-855FEA74179D}.Debug|x86.ActiveCfg = Debug|Any CPU
		{70D91434-E877-492B-BE4A-855FEA74179D}.Debug|x86.Build.0 = Debug|Any CPU
		{70D91434-E877-492B-BE4A-855FEA74179D}.Release|Any CPU.ActiveCfg = Release|Any CPU
		{70D91434-E877-492B-BE4A-855FEA74179D}.Release|Any CPU.Build.0 = Release|Any CPU
		{70D91434-E877-492B-BE4A-855FEA74179D}.Release|ARM.ActiveCfg = Release|Any CPU
		{70D91434-E877-492B-BE4A-855FEA74179D}.Release|ARM.Build.0 = Release|Any CPU
		{70D91434-E877-492B-BE4A-855FEA74179D}.Release|x64.ActiveCfg = Release|Any CPU
		{70D91434-E877-492B-BE4A-855FEA74179D}.Release|x64.Build.0 = Release|Any CPU
		{70D91434-E877-492B-BE4A-855FEA74179D}.Release|x86.ActiveCfg = Release|Any CPU
		{70D91434-E877-492B-BE4A-855FEA74179D}.Release|x86.Build.0 = Release|Any CPU
		{1E5CC0C6-F2E1-47CA-A604-0807BAE0252F}.Debug|Any CPU.ActiveCfg = Debug|Any CPU
		{1E5CC0C6-F2E1-47CA-A604-0807BAE0252F}.Debug|Any CPU.Build.0 = Debug|Any CPU
		{1E5CC0C6-F2E1-47CA-A604-0807BAE0252F}.Debug|ARM.ActiveCfg = Debug|Any CPU
		{1E5CC0C6-F2E1-47CA-A604-0807BAE0252F}.Debug|ARM.Build.0 = Debug|Any CPU
		{1E5CC0C6-F2E1-47CA-A604-0807BAE0252F}.Debug|x64.ActiveCfg = Debug|Any CPU
		{1E5CC0C6-F2E1-47CA-A604-0807BAE0252F}.Debug|x64.Build.0 = Debug|Any CPU
		{1E5CC0C6-F2E1-47CA-A604-0807BAE0252F}.Debug|x86.ActiveCfg = Debug|Any CPU
		{1E5CC0C6-F2E1-47CA-A604-0807BAE0252F}.Debug|x86.Build.0 = Debug|Any CPU
		{1E5CC0C6-F2E1-47CA-A604-0807BAE0252F}.Release|Any CPU.ActiveCfg = Release|Any CPU
		{1E5CC0C6-F2E1-47CA-A604-0807BAE0252F}.Release|Any CPU.Build.0 = Release|Any CPU
		{1E5CC0C6-F2E1-47CA-A604-0807BAE0252F}.Release|ARM.ActiveCfg = Release|Any CPU
		{1E5CC0C6-F2E1-47CA-A604-0807BAE0252F}.Release|ARM.Build.0 = Release|Any CPU
		{1E5CC0C6-F2E1-47CA-A604-0807BAE0252F}.Release|x64.ActiveCfg = Release|Any CPU
		{1E5CC0C6-F2E1-47CA-A604-0807BAE0252F}.Release|x64.Build.0 = Release|Any CPU
		{1E5CC0C6-F2E1-47CA-A604-0807BAE0252F}.Release|x86.ActiveCfg = Release|Any CPU
		{1E5CC0C6-F2E1-47CA-A604-0807BAE0252F}.Release|x86.Build.0 = Release|Any CPU
		{9A398241-151F-4BBA-A62F-C9C357E1A6FB}.Debug|Any CPU.ActiveCfg = Debug|Any CPU
		{9A398241-151F-4BBA-A62F-C9C357E1A6FB}.Debug|Any CPU.Build.0 = Debug|Any CPU
		{9A398241-151F-4BBA-A62F-C9C357E1A6FB}.Debug|ARM.ActiveCfg = Debug|Any CPU
		{9A398241-151F-4BBA-A62F-C9C357E1A6FB}.Debug|ARM.Build.0 = Debug|Any CPU
		{9A398241-151F-4BBA-A62F-C9C357E1A6FB}.Debug|x64.ActiveCfg = Debug|Any CPU
		{9A398241-151F-4BBA-A62F-C9C357E1A6FB}.Debug|x64.Build.0 = Debug|Any CPU
		{9A398241-151F-4BBA-A62F-C9C357E1A6FB}.Debug|x86.ActiveCfg = Debug|Any CPU
		{9A398241-151F-4BBA-A62F-C9C357E1A6FB}.Debug|x86.Build.0 = Debug|Any CPU
		{9A398241-151F-4BBA-A62F-C9C357E1A6FB}.Release|Any CPU.ActiveCfg = Release|Any CPU
		{9A398241-151F-4BBA-A62F-C9C357E1A6FB}.Release|Any CPU.Build.0 = Release|Any CPU
		{9A398241-151F-4BBA-A62F-C9C357E1A6FB}.Release|ARM.ActiveCfg = Release|Any CPU
		{9A398241-151F-4BBA-A62F-C9C357E1A6FB}.Release|ARM.Build.0 = Release|Any CPU
		{9A398241-151F-4BBA-A62F-C9C357E1A6FB}.Release|x64.ActiveCfg = Release|Any CPU
		{9A398241-151F-4BBA-A62F-C9C357E1A6FB}.Release|x64.Build.0 = Release|Any CPU
		{9A398241-151F-4BBA-A62F-C9C357E1A6FB}.Release|x86.ActiveCfg = Release|Any CPU
		{9A398241-151F-4BBA-A62F-C9C357E1A6FB}.Release|x86.Build.0 = Release|Any CPU
		{8550A8AB-C2CB-46DB-BDC0-D8EBC51DBA17}.Debug|Any CPU.ActiveCfg = Debug|Any CPU
		{8550A8AB-C2CB-46DB-BDC0-D8EBC51DBA17}.Debug|Any CPU.Build.0 = Debug|Any CPU
		{8550A8AB-C2CB-46DB-BDC0-D8EBC51DBA17}.Debug|ARM.ActiveCfg = Debug|Any CPU
		{8550A8AB-C2CB-46DB-BDC0-D8EBC51DBA17}.Debug|ARM.Build.0 = Debug|Any CPU
		{8550A8AB-C2CB-46DB-BDC0-D8EBC51DBA17}.Debug|x64.ActiveCfg = Debug|Any CPU
		{8550A8AB-C2CB-46DB-BDC0-D8EBC51DBA17}.Debug|x64.Build.0 = Debug|Any CPU
		{8550A8AB-C2CB-46DB-BDC0-D8EBC51DBA17}.Debug|x86.ActiveCfg = Debug|Any CPU
		{8550A8AB-C2CB-46DB-BDC0-D8EBC51DBA17}.Debug|x86.Build.0 = Debug|Any CPU
		{8550A8AB-C2CB-46DB-BDC0-D8EBC51DBA17}.Release|Any CPU.ActiveCfg = Release|Any CPU
		{8550A8AB-C2CB-46DB-BDC0-D8EBC51DBA17}.Release|Any CPU.Build.0 = Release|Any CPU
		{8550A8AB-C2CB-46DB-BDC0-D8EBC51DBA17}.Release|ARM.ActiveCfg = Release|Any CPU
		{8550A8AB-C2CB-46DB-BDC0-D8EBC51DBA17}.Release|ARM.Build.0 = Release|Any CPU
		{8550A8AB-C2CB-46DB-BDC0-D8EBC51DBA17}.Release|x64.ActiveCfg = Release|Any CPU
		{8550A8AB-C2CB-46DB-BDC0-D8EBC51DBA17}.Release|x64.Build.0 = Release|Any CPU
		{8550A8AB-C2CB-46DB-BDC0-D8EBC51DBA17}.Release|x86.ActiveCfg = Release|Any CPU
		{8550A8AB-C2CB-46DB-BDC0-D8EBC51DBA17}.Release|x86.Build.0 = Release|Any CPU
		{2E103940-A61F-4610-B56A-B1B67912A3A1}.Debug|Any CPU.ActiveCfg = Debug|x86
		{2E103940-A61F-4610-B56A-B1B67912A3A1}.Debug|ARM.ActiveCfg = Debug|ARM
		{2E103940-A61F-4610-B56A-B1B67912A3A1}.Debug|ARM.Build.0 = Debug|ARM
		{2E103940-A61F-4610-B56A-B1B67912A3A1}.Debug|ARM.Deploy.0 = Debug|ARM
		{2E103940-A61F-4610-B56A-B1B67912A3A1}.Debug|x64.ActiveCfg = Debug|x64
		{2E103940-A61F-4610-B56A-B1B67912A3A1}.Debug|x64.Build.0 = Debug|x64
		{2E103940-A61F-4610-B56A-B1B67912A3A1}.Debug|x64.Deploy.0 = Debug|x64
		{2E103940-A61F-4610-B56A-B1B67912A3A1}.Debug|x86.ActiveCfg = Debug|x86
		{2E103940-A61F-4610-B56A-B1B67912A3A1}.Debug|x86.Build.0 = Debug|x86
		{2E103940-A61F-4610-B56A-B1B67912A3A1}.Debug|x86.Deploy.0 = Debug|x86
		{2E103940-A61F-4610-B56A-B1B67912A3A1}.Release|Any CPU.ActiveCfg = Release|x86
		{2E103940-A61F-4610-B56A-B1B67912A3A1}.Release|ARM.ActiveCfg = Release|ARM
		{2E103940-A61F-4610-B56A-B1B67912A3A1}.Release|ARM.Build.0 = Release|ARM
		{2E103940-A61F-4610-B56A-B1B67912A3A1}.Release|ARM.Deploy.0 = Release|ARM
		{2E103940-A61F-4610-B56A-B1B67912A3A1}.Release|x64.ActiveCfg = Release|x64
		{2E103940-A61F-4610-B56A-B1B67912A3A1}.Release|x64.Build.0 = Release|x64
		{2E103940-A61F-4610-B56A-B1B67912A3A1}.Release|x64.Deploy.0 = Release|x64
		{2E103940-A61F-4610-B56A-B1B67912A3A1}.Release|x86.ActiveCfg = Release|x86
		{2E103940-A61F-4610-B56A-B1B67912A3A1}.Release|x86.Build.0 = Release|x86
		{2E103940-A61F-4610-B56A-B1B67912A3A1}.Release|x86.Deploy.0 = Release|x86
		{DB3872E7-1A0A-4309-BA66-38892E11E9F6}.Debug|Any CPU.ActiveCfg = Debug|Any CPU
		{DB3872E7-1A0A-4309-BA66-38892E11E9F6}.Debug|Any CPU.Build.0 = Debug|Any CPU
		{DB3872E7-1A0A-4309-BA66-38892E11E9F6}.Debug|ARM.ActiveCfg = Debug|Any CPU
		{DB3872E7-1A0A-4309-BA66-38892E11E9F6}.Debug|ARM.Build.0 = Debug|Any CPU
		{DB3872E7-1A0A-4309-BA66-38892E11E9F6}.Debug|x64.ActiveCfg = Debug|Any CPU
		{DB3872E7-1A0A-4309-BA66-38892E11E9F6}.Debug|x64.Build.0 = Debug|Any CPU
		{DB3872E7-1A0A-4309-BA66-38892E11E9F6}.Debug|x86.ActiveCfg = Debug|Any CPU
		{DB3872E7-1A0A-4309-BA66-38892E11E9F6}.Debug|x86.Build.0 = Debug|Any CPU
		{DB3872E7-1A0A-4309-BA66-38892E11E9F6}.Release|Any CPU.ActiveCfg = Release|Any CPU
		{DB3872E7-1A0A-4309-BA66-38892E11E9F6}.Release|Any CPU.Build.0 = Release|Any CPU
		{DB3872E7-1A0A-4309-BA66-38892E11E9F6}.Release|ARM.ActiveCfg = Release|Any CPU
		{DB3872E7-1A0A-4309-BA66-38892E11E9F6}.Release|ARM.Build.0 = Release|Any CPU
		{DB3872E7-1A0A-4309-BA66-38892E11E9F6}.Release|x64.ActiveCfg = Release|Any CPU
		{DB3872E7-1A0A-4309-BA66-38892E11E9F6}.Release|x64.Build.0 = Release|Any CPU
		{DB3872E7-1A0A-4309-BA66-38892E11E9F6}.Release|x86.ActiveCfg = Release|Any CPU
		{DB3872E7-1A0A-4309-BA66-38892E11E9F6}.Release|x86.Build.0 = Release|Any CPU
	EndGlobalSection
	GlobalSection(SolutionProperties) = preSolution
		HideSolutionNode = FALSE
	EndGlobalSection
	GlobalSection(ExtensibilityGlobals) = postSolution
		EnterpriseLibraryConfigurationToolBinariesPathV6 = packages\EnterpriseLibrary.TransientFaultHandling.6.0.1304.0\lib\portable-net45+win+wp8
	EndGlobalSection
EndGlobal
